
Microsoft Visual Studio Solution File, Format Version 12.00
# Visual Studio Version 17
VisualStudioVersion = 17.4.33213.308
MinimumVisualStudioVersion = 10.0.40219.1
Project("{FAE04EC0-301F-11D3-BF4B-00C04F79EFBC}") = "Customer.Domain", "Customer.Domain\Customer.Domain.csproj", "{103B4032-7DBF-4AD6-8473-CA67F19B7675}"
EndProject
Project("{FAE04EC0-301F-11D3-BF4B-00C04F79EFBC}") = "Customer.Domain.Tests", "Customer.Domain.Tests\Customer.Domain.Tests.csproj", "{EBDE7F7C-75D8-43D7-BAE8-C530CA684B40}"
EndProject
Global
	GlobalSection(SolutionConfigurationPlatforms) = preSolution
		Debug|Any CPU = Debug|Any CPU
		Release|Any CPU = Release|Any CPU
	EndGlobalSection
	GlobalSection(ProjectConfigurationPlatforms) = postSolution
		{103B4032-7DBF-4AD6-8473-CA67F19B7675}.Debug|Any CPU.ActiveCfg = Debug|Any CPU
		{103B4032-7DBF-4AD6-8473-CA67F19B7675}.Debug|Any CPU.Build.0 = Debug|Any CPU
		{103B4032-7DBF-4AD6-8473-CA67F19B7675}.Release|Any CPU.ActiveCfg = Release|Any CPU
		{103B4032-7DBF-4AD6-8473-CA67F19B7675}.Release|Any CPU.Build.0 = Release|Any CPU
		{EBDE7F7C-75D8-43D7-BAE8-C530CA684B40}.Debug|Any CPU.ActiveCfg = Debug|Any CPU
		{EBDE7F7C-75D8-43D7-BAE8-C530CA684B40}.Debug|Any CPU.Build.0 = Debug|Any CPU
		{EBDE7F7C-75D8-43D7-BAE8-C530CA684B40}.Release|Any CPU.ActiveCfg = Release|Any CPU
		{EBDE7F7C-75D8-43D7-BAE8-C530CA684B40}.Release|Any CPU.Build.0 = Release|Any CPU
	EndGlobalSection
	GlobalSection(SolutionProperties) = preSolution
		HideSolutionNode = FALSE
	EndGlobalSection
	GlobalSection(ExtensibilityGlobals) = postSolution
		SolutionGuid = {E36A5405-9BBD-4552-905D-619C81ABB5CE}
	EndGlobalSection
EndGlobal
